
Microsoft Visual Studio Solution File, Format Version 11.00
# Visual C++ Express 2010
Project("{8BC9CEB8-8B4A-11D0-8D11-00A0C91BC942}") = "hdnes", "hdnes\hdnes.vcxproj", "{CB764762-DEBC-4773-8E5A-B7A30155B70A}"
EndProject
Global
	GlobalSection(SolutionConfigurationPlatforms) = preSolution
		Debug|Win32 = Debug|Win32
		Release|Win32 = Release|Win32
	EndGlobalSection
	GlobalSection(ProjectConfigurationPlatforms) = postSolution
		{CB764762-DEBC-4773-8E5A-B7A30155B70A}.Debug|Win32.ActiveCfg = Debug|Win32
		{CB764762-DEBC-4773-8E5A-B7A30155B70A}.Debug|Win32.Build.0 = Debug|Win32
		{CB764762-DEBC-4773-8E5A-B7A30155B70A}.Release|Win32.ActiveCfg = Release|Win32
		{CB764762-DEBC-4773-8E5A-B7A30155B70A}.Release|Win32.Build.0 = Release|Win32
	EndGlobalSection
	GlobalSection(SolutionProperties) = preSolution
		HideSolutionNode = FALSE
	EndGlobalSection
EndGlobal
