<?xml version="1.0" encoding="UTF-8" standalone="yes" ?>
<CodeBlocks_project_file>
	<FileVersion major="1" minor="6" />
	<Project>
		<Option title="hdnesPackEditor" />
		<Option pch_mode="2" />
		<Option compiler="gcc" />
		<Build>
			<Target title="Debug">
				<Option output="bin/Debug/hdnesPackEditor" prefix_auto="1" extension_auto="1" />
				<Option object_output="obj/Debug/" />
				<Option type="0" />
				<Option compiler="gcc" />
				<Compiler>
					<Add option="-g" />
				</Compiler>
			</Target>
			<Target title="Release">
				<Option output="bin/Release/hdnesPackEditor" prefix_auto="1" extension_auto="1" />
				<Option object_output="obj/Release/" />
				<Option type="1" />
				<Option compiler="gcc" />
				<Compiler>
					<Add option="-O2" />
				</Compiler>
				<Linker>
					<Add option="-s" />
				</Linker>
			</Target>
		</Build>
		<Compiler>
			<Add option="-Wall" />
			<Add option="-std=c++11" />
			<Add option="-fexceptions" />
			<Add directory="../../../include" />
		</Compiler>
		<Linker>
			<Add option="-lmingw32 -lSDL2main -lSDL2" />
			<Add library="../../../lib/libwxmsw30u_gl.a" />
			<Add library="../../../lib/libwxmsw30u.a" />
			<Add library="../../../lib/libwxscintilla.a" />
			<Add library="../../../lib/libwxexpat.a" />
			<Add library="../../../lib/libwxtiff.a" />
			<Add library="../../../lib/libwxjpeg.a" />
			<Add library="../../../lib/libwxpng.a" />
			<Add library="../../../lib/libwxzlib.a" />
			<Add library="../../../lib/libwxregexu.a" />
			<Add directory="../../../lib" />
			<Add directory="C:/Program Files (x86)/CodeBlocks/MinGW/lib" />
		</Linker>
		<Unit filename="classList.h" />
		<Unit filename="colourDialogClient.h" />
		<Unit filename="common.h" />
		<Unit filename="condition.cpp" />
		<Unit filename="condition.h" />
		<Unit filename="coreData.cpp" />
		<Unit filename="coreData.h" />
		<Unit filename="gameObjNode.cpp" />
		<Unit filename="gameObjNode.h" />
		<Unit filename="gameTile.cpp" />
		<Unit filename="gameTile.h" />
		<Unit filename="hdnesPackEditorcolourSelectDialog.cpp" />
		<Unit filename="hdnesPackEditorcolourSelectDialog.h" />
		<Unit filename="hdnesPackEditormainForm.cpp" />
		<Unit filename="hdnesPackEditormainForm.h" />
		<Unit filename="hdnesPackEditornewProjectDialog.cpp" />
		<Unit filename="hdnesPackEditornewProjectDialog.h" />
		<Unit filename="hdnesPackEditorreplacementDialog.cpp" />
		<Unit filename="hdnesPackEditorreplacementDialog.h" />
		<Unit filename="image.cpp" />
		<Unit filename="image.h" />
		<Unit filename="main.cpp" />
		<Unit filename="main.h" />
		<Unit filename="mainForm.cpp" />
		<Unit filename="mainForm.h" />
		<Unit filename="paletteSwap.cpp" />
		<Unit filename="paletteSwap.h" />
		<Unit filename="tileReference.cpp" />
		<Unit filename="tileReference.h" />
		<Extensions>
			<code_completion />
			<envvars />
			<debugger />
		</Extensions>
	</Project>
</CodeBlocks_project_file>
